// !$*UTF8*$!
{
	archiveVersion = 1;
	classes = {
	};
	objectVersion = 46;
	objects = {

/* Begin PBXBuildFile section */
		3232B4D618246C47009E75E7 /* Foundation.framework in Frameworks */ = {isa = PBXBuildFile; fileRef = 3232B4D518246C47009E75E7 /* Foundation.framework */; settings = {ATTRIBUTES = (Required, ); }; };
		3232B4D818246C47009E75E7 /* CoreGraphics.framework in Frameworks */ = {isa = PBXBuildFile; fileRef = 3232B4D718246C47009E75E7 /* CoreGraphics.framework */; };
		3232B4DA18246C47009E75E7 /* UIKit.framework in Frameworks */ = {isa = PBXBuildFile; fileRef = 3232B4D918246C47009E75E7 /* UIKit.framework */; };
		3232B4E018246C47009E75E7 /* InfoPlist.strings in Resources */ = {isa = PBXBuildFile; fileRef = 3232B4DE18246C47009E75E7 /* InfoPlist.strings */; };
		3232B4E218246C47009E75E7 /* main.m in Sources */ = {isa = PBXBuildFile; fileRef = 3232B4E118246C47009E75E7 /* main.m */; };
		3232B4E618246C47009E75E7 /* AppDelegate.m in Sources */ = {isa = PBXBuildFile; fileRef = 3232B4E518246C47009E75E7 /* AppDelegate.m */; };
		3232B4E918246C47009E75E7 /* Main.storyboard in Resources */ = {isa = PBXBuildFile; fileRef = 3232B4E718246C47009E75E7 /* Main.storyboard */; };
		3232B4EC18246C47009E75E7 /* ViewController.m in Sources */ = {isa = PBXBuildFile; fileRef = 3232B4EB18246C47009E75E7 /* ViewController.m */; };
		3232B4EE18246C47009E75E7 /* Images.xcassets in Resources */ = {isa = PBXBuildFile; fileRef = 3232B4ED18246C47009E75E7 /* Images.xcassets */; };
		3232B50B18246C51009E75E7 /* CoreLocation.framework in Frameworks */ = {isa = PBXBuildFile; fileRef = 3232B50A18246C51009E75E7 /* CoreLocation.framework */; settings = {ATTRIBUTES = (Weak, ); }; };
		3232B50E18246C8D009E75E7 /* KatalysatorSDK.framework in Frameworks */ = {isa = PBXBuildFile; fileRef = 3232B50C18246C8D009E75E7 /* KatalysatorSDK.framework */; settings = {ATTRIBUTES = (Weak, ); }; };
		3232B50F18246C8D009E75E7 /* KatalysatorSDKResources.bundle in Resources */ = {isa = PBXBuildFile; fileRef = 3232B50D18246C8D009E75E7 /* KatalysatorSDKResources.bundle */; };
/* End PBXBuildFile section */

/* Begin PBXFileReference section */
		3232B4D218246C47009E75E7 /* Sample.app */ = {isa = PBXFileReference; explicitFileType = wrapper.application; includeInIndex = 0; path = Sample.app; sourceTree = BUILT_PRODUCTS_DIR; };
		3232B4D518246C47009E75E7 /* Foundation.framework */ = {isa = PBXFileReference; lastKnownFileType = wrapper.framework; name = Foundation.framework; path = System/Library/Frameworks/Foundation.framework; sourceTree = SDKROOT; };
		3232B4D718246C47009E75E7 /* CoreGraphics.framework */ = {isa = PBXFileReference; lastKnownFileType = wrapper.framework; name = CoreGraphics.framework; path = System/Library/Frameworks/CoreGraphics.framework; sourceTree = SDKROOT; };
		3232B4D918246C47009E75E7 /* UIKit.framework */ = {isa = PBXFileReference; lastKnownFileType = wrapper.framework; name = UIKit.framework; path = System/Library/Frameworks/UIKit.framework; sourceTree = SDKROOT; };
		3232B4DD18246C47009E75E7 /* Sample-Info.plist */ = {isa = PBXFileReference; lastKnownFileType = text.plist.xml; path = "Sample-Info.plist"; sourceTree = "<group>"; };
		3232B4DF18246C47009E75E7 /* en */ = {isa = PBXFileReference; lastKnownFileType = text.plist.strings; name = en; path = en.lproj/InfoPlist.strings; sourceTree = "<group>"; };
		3232B4E118246C47009E75E7 /* main.m */ = {isa = PBXFileReference; lastKnownFileType = sourcecode.c.objc; path = main.m; sourceTree = "<group>"; };
		3232B4E318246C47009E75E7 /* Sample-Prefix.pch */ = {isa = PBXFileReference; lastKnownFileType = sourcecode.c.h; path = "Sample-Prefix.pch"; sourceTree = "<group>"; };
		3232B4E418246C47009E75E7 /* AppDelegate.h */ = {isa = PBXFileReference; lastKnownFileType = sourcecode.c.h; path = AppDelegate.h; sourceTree = "<group>"; };
		3232B4E518246C47009E75E7 /* AppDelegate.m */ = {isa = PBXFileReference; lastKnownFileType = sourcecode.c.objc; path = AppDelegate.m; sourceTree = "<group>"; };
		3232B4E818246C47009E75E7 /* Base */ = {isa = PBXFileReference; lastKnownFileType = file.storyboard; name = Base; path = Base.lproj/Main.storyboard; sourceTree = "<group>"; };
		3232B4EA18246C47009E75E7 /* ViewController.h */ = {isa = PBXFileReference; lastKnownFileType = sourcecode.c.h; path = ViewController.h; sourceTree = "<group>"; };
		3232B4EB18246C47009E75E7 /* ViewController.m */ = {isa = PBXFileReference; lastKnownFileType = sourcecode.c.objc; path = ViewController.m; sourceTree = "<group>"; };
		3232B4ED18246C47009E75E7 /* Images.xcassets */ = {isa = PBXFileReference; lastKnownFileType = folder.assetcatalog; path = Images.xcassets; sourceTree = "<group>"; };
		3232B4F418246C47009E75E7 /* XCTest.framework */ = {isa = PBXFileReference; lastKnownFileType = wrapper.framework; name = XCTest.framework; path = Library/Frameworks/XCTest.framework; sourceTree = DEVELOPER_DIR; };
		3232B50A18246C51009E75E7 /* CoreLocation.framework */ = {isa = PBXFileReference; lastKnownFileType = wrapper.framework; name = CoreLocation.framework; path = System/Library/Frameworks/CoreLocation.framework; sourceTree = SDKROOT; };
		3232B50C18246C8D009E75E7 /* KatalysatorSDK.framework */ = {isa = PBXFileReference; lastKnownFileType = wrapper.framework; path = KatalysatorSDK.framework; sourceTree = "<group>"; };
		3232B50D18246C8D009E75E7 /* KatalysatorSDKResources.bundle */ = {isa = PBXFileReference; lastKnownFileType = "wrapper.plug-in"; path = KatalysatorSDKResources.bundle; sourceTree = "<group>"; };
/* End PBXFileReference section */

/* Begin PBXFrameworksBuildPhase section */
		3232B4CF18246C47009E75E7 /* Frameworks */ = {
			isa = PBXFrameworksBuildPhase;
			buildActionMask = 2147483647;
			files = (
				3232B50B18246C51009E75E7 /* CoreLocation.framework in Frameworks */,
				3232B50E18246C8D009E75E7 /* KatalysatorSDK.framework in Frameworks */,
				3232B4D818246C47009E75E7 /* CoreGraphics.framework in Frameworks */,
				3232B4DA18246C47009E75E7 /* UIKit.framework in Frameworks */,
				3232B4D618246C47009E75E7 /* Foundation.framework in Frameworks */,
			);
			runOnlyForDeploymentPostprocessing = 0;
		};
/* End PBXFrameworksBuildPhase section */

/* Begin PBXGroup section */
		3232B4C918246C47009E75E7 = {
			isa = PBXGroup;
			children = (
				3232B4DB18246C47009E75E7 /* Sample */,
				3232B4D418246C47009E75E7 /* Frameworks */,
				3232B4D318246C47009E75E7 /* Products */,
			);
			sourceTree = "<group>";
		};
		3232B4D318246C47009E75E7 /* Products */ = {
			isa = PBXGroup;
			children = (
				3232B4D218246C47009E75E7 /* Sample.app */,
			);
			name = Products;
			sourceTree = "<group>";
		};
		3232B4D418246C47009E75E7 /* Frameworks */ = {
			isa = PBXGroup;
			children = (
				3232B50C18246C8D009E75E7 /* KatalysatorSDK.framework */,
				3232B50D18246C8D009E75E7 /* KatalysatorSDKResources.bundle */,
				3232B50A18246C51009E75E7 /* CoreLocation.framework */,
				3232B4D518246C47009E75E7 /* Foundation.framework */,
				3232B4D718246C47009E75E7 /* CoreGraphics.framework */,
				3232B4D918246C47009E75E7 /* UIKit.framework */,
				3232B4F418246C47009E75E7 /* XCTest.framework */,
			);
			name = Frameworks;
			sourceTree = "<group>";
		};
		3232B4DB18246C47009E75E7 /* Sample */ = {
			isa = PBXGroup;
			children = (
				3232B4E418246C47009E75E7 /* AppDelegate.h */,
				3232B4E518246C47009E75E7 /* AppDelegate.m */,
				3232B4E718246C47009E75E7 /* Main.storyboard */,
				3232B4EA18246C47009E75E7 /* ViewController.h */,
				3232B4EB18246C47009E75E7 /* ViewController.m */,
				3232B4ED18246C47009E75E7 /* Images.xcassets */,
				3232B4DC18246C47009E75E7 /* Supporting Files */,
			);
			path = Sample;
			sourceTree = "<group>";
		};
		3232B4DC18246C47009E75E7 /* Supporting Files */ = {
			isa = PBXGroup;
			children = (
				3232B4DD18246C47009E75E7 /* Sample-Info.plist */,
				3232B4DE18246C47009E75E7 /* InfoPlist.strings */,
				3232B4E118246C47009E75E7 /* main.m */,
				3232B4E318246C47009E75E7 /* Sample-Prefix.pch */,
			);
			name = "Supporting Files";
			sourceTree = "<group>";
		};
/* End PBXGroup section */

/* Begin PBXNativeTarget section */
		3232B4D118246C47009E75E7 /* Sample */ = {
			isa = PBXNativeTarget;
			buildConfigurationList = 3232B50418246C47009E75E7 /* Build configuration list for PBXNativeTarget "Sample" */;
			buildPhases = (
				3232B4CE18246C47009E75E7 /* Sources */,
				3232B4CF18246C47009E75E7 /* Frameworks */,
				3232B4D018246C47009E75E7 /* Resources */,
			);
			buildRules = (
			);
			dependencies = (
			);
			name = Sample;
			productName = Sample;
			productReference = 3232B4D218246C47009E75E7 /* Sample.app */;
			productType = "com.apple.product-type.application";
		};
/* End PBXNativeTarget section */

/* Begin PBXProject section */
		3232B4CA18246C47009E75E7 /* Project object */ = {
			isa = PBXProject;
			attributes = {
				LastUpgradeCheck = 0510;
				ORGANIZATIONNAME = "Katalysator AB";
				TargetAttributes = {
					3232B4D118246C47009E75E7 = {
						DevelopmentTeam = 8P458BMU67;
						SystemCapabilities = {
							com.apple.BackgroundModes = {
								enabled = 0;
							};
						};
					};
				};
			};
			buildConfigurationList = 3232B4CD18246C47009E75E7 /* Build configuration list for PBXProject "Sample" */;
			compatibilityVersion = "Xcode 3.2";
			developmentRegion = English;
			hasScannedForEncodings = 0;
			knownRegions = (
				en,
				Base,
			);
			mainGroup = 3232B4C918246C47009E75E7;
			productRefGroup = 3232B4D318246C47009E75E7 /* Products */;
			projectDirPath = "";
			projectRoot = "";
			targets = (
				3232B4D118246C47009E75E7 /* Sample */,
			);
		};
/* End PBXProject section */

/* Begin PBXResourcesBuildPhase section */
		3232B4D018246C47009E75E7 /* Resources */ = {
			isa = PBXResourcesBuildPhase;
			buildActionMask = 2147483647;
			files = (
				3232B4EE18246C47009E75E7 /* Images.xcassets in Resources */,
				3232B4E018246C47009E75E7 /* InfoPlist.strings in Resources */,
				3232B50F18246C8D009E75E7 /* KatalysatorSDKResources.bundle in Resources */,
				3232B4E918246C47009E75E7 /* Main.storyboard in Resources */,
			);
			runOnlyForDeploymentPostprocessing = 0;
		};
/* End PBXResourcesBuildPhase section */

/* Begin PBXSourcesBuildPhase section */
		3232B4CE18246C47009E75E7 /* Sources */ = {
			isa = PBXSourcesBuildPhase;
			buildActionMask = 2147483647;
			files = (
				3232B4EC18246C47009E75E7 /* ViewController.m in Sources */,
				3232B4E618246C47009E75E7 /* AppDelegate.m in Sources */,
				3232B4E218246C47009E75E7 /* main.m in Sources */,
			);
			runOnlyForDeploymentPostprocessing = 0;
		};
/* End PBXSourcesBuildPhase section */

/* Begin PBXVariantGroup section */
		3232B4DE18246C47009E75E7 /* InfoPlist.strings */ = {
			isa = PBXVariantGroup;
			children = (
				3232B4DF18246C47009E75E7 /* en */,
			);
			name = InfoPlist.strings;
			sourceTree = "<group>";
		};
		3232B4E718246C47009E75E7 /* Main.storyboard */ = {
			isa = PBXVariantGroup;
			children = (
				3232B4E818246C47009E75E7 /* Base */,
			);
			name = Main.storyboard;
			sourceTree = "<group>";
		};
/* End PBXVariantGroup section */

/* Begin XCBuildConfiguration section */
		3232B50218246C47009E75E7 /* Debug */ = {
			isa = XCBuildConfiguration;
			buildSettings = {
				ALWAYS_SEARCH_USER_PATHS = NO;
				CLANG_CXX_LANGUAGE_STANDARD = "gnu++0x";
				CLANG_CXX_LIBRARY = "libc++";
				CLANG_ENABLE_MODULES = YES;
				CLANG_ENABLE_OBJC_ARC = YES;
				CLANG_WARN_BOOL_CONVERSION = YES;
				CLANG_WARN_CONSTANT_CONVERSION = YES;
				CLANG_WARN_DIRECT_OBJC_ISA_USAGE = YES_ERROR;
				CLANG_WARN_EMPTY_BODY = YES;
				CLANG_WARN_ENUM_CONVERSION = YES;
				CLANG_WARN_INT_CONVERSION = YES;
				CLANG_WARN_OBJC_ROOT_CLASS = YES_ERROR;
				CLANG_WARN__DUPLICATE_METHOD_MATCH = YES;
				"CODE_SIGN_IDENTITY[sdk=iphoneos*]" = "iPhone Developer";
				COPY_PHASE_STRIP = NO;
				GCC_C_LANGUAGE_STANDARD = gnu99;
				GCC_DYNAMIC_NO_PIC = NO;
				GCC_OPTIMIZATION_LEVEL = 0;
				GCC_PREPROCESSOR_DEFINITIONS = (
					"DEBUG=1",
					"$(inherited)",
				);
				GCC_SYMBOLS_PRIVATE_EXTERN = NO;
				GCC_WARN_64_TO_32_BIT_CONVERSION = YES;
				GCC_WARN_ABOUT_RETURN_TYPE = YES_ERROR;
				GCC_WARN_UNDECLARED_SELECTOR = YES;
				GCC_WARN_UNINITIALIZED_AUTOS = YES;
				GCC_WARN_UNUSED_FUNCTION = YES;
				GCC_WARN_UNUSED_VARIABLE = YES;
				IPHONEOS_DEPLOYMENT_TARGET = 7.0;
				ONLY_ACTIVE_ARCH = YES;
				OTHER_LDFLAGS = (
					"-all_load",
					"-ObjC",
				);
				SDKROOT = iphoneos;
			};
			name = Debug;
		};
		3232B50318246C47009E75E7 /* Release */ = {
			isa = XCBuildConfiguration;
			buildSettings = {
				ALWAYS_SEARCH_USER_PATHS = NO;
				CLANG_CXX_LANGUAGE_STANDARD = "gnu++0x";
				CLANG_CXX_LIBRARY = "libc++";
				CLANG_ENABLE_MODULES = YES;
				CLANG_ENABLE_OBJC_ARC = YES;
				CLANG_WARN_BOOL_CONVERSION = YES;
				CLANG_WARN_CONSTANT_CONVERSION = YES;
				CLANG_WARN_DIRECT_OBJC_ISA_USAGE = YES_ERROR;
				CLANG_WARN_EMPTY_BODY = YES;
				CLANG_WARN_ENUM_CONVERSION = YES;
				CLANG_WARN_INT_CONVERSION = YES;
				CLANG_WARN_OBJC_ROOT_CLASS = YES_ERROR;
				CLANG_WARN__DUPLICATE_METHOD_MATCH = YES;
				"CODE_SIGN_IDENTITY[sdk=iphoneos*]" = "iPhone Developer";
				COPY_PHASE_STRIP = YES;
				ENABLE_NS_ASSERTIONS = NO;
				GCC_C_LANGUAGE_STANDARD = gnu99;
				GCC_WARN_64_TO_32_BIT_CONVERSION = YES;
				GCC_WARN_ABOUT_RETURN_TYPE = YES_ERROR;
				GCC_WARN_UNDECLARED_SELECTOR = YES;
				GCC_WARN_UNINITIALIZED_AUTOS = YES;
				GCC_WARN_UNUSED_FUNCTION = YES;
				GCC_WARN_UNUSED_VARIABLE = YES;
				IPHONEOS_DEPLOYMENT_TARGET = 7.0;
				OTHER_LDFLAGS = (
					"-all_load",
					"-ObjC",
				);
				SDKROOT = iphoneos;
				VALIDATE_PRODUCT = YES;
			};
			name = Release;
		};
		3232B50518246C47009E75E7 /* Debug */ = {
			isa = XCBuildConfiguration;
			buildSettings = {
				ASSETCATALOG_COMPILER_APPICON_NAME = AppIcon;
				ASSETCATALOG_COMPILER_LAUNCHIMAGE_NAME = LaunchImage;
				CODE_SIGN_IDENTITY = "iPhone Developer";
				"CODE_SIGN_IDENTITY[sdk=iphoneos*]" = "iPhone Developer";
				FRAMEWORK_SEARCH_PATHS = (
					"$(inherited)",
					"$(PROJECT_DIR)",
				);
				GCC_PRECOMPILE_PREFIX_HEADER = YES;
				GCC_PREFIX_HEADER = "Sample/Sample-Prefix.pch";
				INFOPLIST_FILE = "Sample/Sample-Info.plist";
				IPHONEOS_DEPLOYMENT_TARGET = 6.0;
				PRODUCT_NAME = "$(TARGET_NAME)";
				PROVISIONING_PROFILE = "";
				WRAPPER_EXTENSION = app;
			};
			name = Debug;
		};
		3232B50618246C47009E75E7 /* Release */ = {
			isa = XCBuildConfiguration;
			buildSettings = {
				ASSETCATALOG_COMPILER_APPICON_NAME = AppIcon;
				ASSETCATALOG_COMPILER_LAUNCHIMAGE_NAME = LaunchImage;
				CODE_SIGN_IDENTITY = "iPhone Distribution";
				"CODE_SIGN_IDENTITY[sdk=iphoneos*]" = "iPhone Distribution";
				FRAMEWORK_SEARCH_PATHS = (
					"$(inherited)",
					"$(PROJECT_DIR)",
				);
				GCC_PRECOMPILE_PREFIX_HEADER = YES;
				GCC_PREFIX_HEADER = "Sample/Sample-Prefix.pch";
				INFOPLIST_FILE = "Sample/Sample-Info.plist";
				IPHONEOS_DEPLOYMENT_TARGET = 6.0;
				PRODUCT_NAME = "$(TARGET_NAME)";
				PROVISIONING_PROFILE = "";
				WRAPPER_EXTENSION = app;
			};
			name = Release;
		};
/* End XCBuildConfiguration section */

/* Begin XCConfigurationList section */
		3232B4CD18246C47009E75E7 /* Build configuration list for PBXProject "Sample" */ = {
			isa = XCConfigurationList;
			buildConfigurations = (
				3232B50218246C47009E75E7 /* Debug */,
				3232B50318246C47009E75E7 /* Release */,
			);
			defaultConfigurationIsVisible = 0;
			defaultConfigurationName = Release;
		};
		3232B50418246C47009E75E7 /* Build configuration list for PBXNativeTarget "Sample" */ = {
			isa = XCConfigurationList;
			buildConfigurations = (
				3232B50518246C47009E75E7 /* Debug */,
				3232B50618246C47009E75E7 /* Release */,
			);
			defaultConfigurationIsVisible = 0;
			defaultConfigurationName = Release;
		};
/* End XCConfigurationList section */
	};
	rootObject = 3232B4CA18246C47009E75E7 /* Project object */;
}
